<Solution>
  <Folder Name="/.github/" />
  <Folder Name="/.github/workflows/">
    <File Path=".github/workflows/integration-testing-delivery.yml" />
  </Folder>
  <Folder Name="/src/">
    <Project Path="src/MemoAna/MemoAna.csproj" />
  </Folder>
  <Folder Name="/tests/">
    <Project Path="tests/MemoAna.UnitTests/MemoAna.UnitTests.csproj" />
  </Folder>
  <Project Path="docker-compose.dcproj">
    <Build />
  </Project>
</Solution>
